
Microsoft Visual Studio Solution File, Format Version 12.00
# Visual Studio Version 17
VisualStudioVersion = 17.3.32825.248
MinimumVisualStudioVersion = 10.0.40219.1
Project("{9A19103F-16F7-4668-BE54-9A1E7A4F7556}") = "Lesson04_01", "Lesson04_01\Lesson04_01.csproj", "{D76D7876-50F1-4C1B-B10F-E3E7810F511F}"
EndProject
Project("{9A19103F-16F7-4668-BE54-9A1E7A4F7556}") = "Lesson04_02", "Lesson04_02\Lesson04_02.csproj", "{0037692E-9DD9-463E-900F-EB671A0BA11E}"
EndProject
Project("{9A19103F-16F7-4668-BE54-9A1E7A4F7556}") = "Lesson04_03", "Lesson04_03\Lesson04_03.csproj", "{78874608-9F9F-40A3-8D91-5A1AE4E28F83}"
EndProject
Project("{9A19103F-16F7-4668-BE54-9A1E7A4F7556}") = "Lesson04_04", "Lesson04_04\Lesson04_04.csproj", "{35FCBD38-CA16-4915-B385-56D75A05FFC8}"
EndProject
Project("{9A19103F-16F7-4668-BE54-9A1E7A4F7556}") = "Lesson04_05", "Lesson04_05\Lesson04_05.csproj", "{63D5E994-13FE-43D6-A3E4-9C7706E8B96F}"
EndProject
Project("{9A19103F-16F7-4668-BE54-9A1E7A4F7556}") = "Lesson04_06", "Lesson04_06\Lesson04_06.csproj", "{10F6BA73-D7B7-40D0-A34C-6AB6B4F96AD1}"
EndProject
Project("{9A19103F-16F7-4668-BE54-9A1E7A4F7556}") = "Lesson04_07", "Lesson04_07\Lesson04_07.csproj", "{0F8B298F-C407-4F71-BE42-EA9E15BD4F57}"
EndProject
Project("{9A19103F-16F7-4668-BE54-9A1E7A4F7556}") = "Lesson04_08", "Lesson04_08\Lesson04_08.csproj", "{E008A49F-60F0-483D-B5DE-7B4CFA0DF525}"
EndProject
Project("{9A19103F-16F7-4668-BE54-9A1E7A4F7556}") = "Lesson04_09", "Lesson04_09\Lesson04_09.csproj", "{8FE1B50C-DE78-4237-BB50-C71353F0AFD8}"
EndProject
Project("{9A19103F-16F7-4668-BE54-9A1E7A4F7556}") = "Lesson04_10", "Lesson04_10\Lesson04_10.csproj", "{AA0D80EF-5AB1-4F07-BA68-A9463C0AD299}"
EndProject
Project("{9A19103F-16F7-4668-BE54-9A1E7A4F7556}") = "Lesson04_11", "Lesson04_11\Lesson04_11.csproj", "{35EC16F7-CAE7-49B4-A449-EA1EF645C2FC}"
EndProject
Project("{9A19103F-16F7-4668-BE54-9A1E7A4F7556}") = "Lesson04_12", "Lesson04_12\Lesson04_12.csproj", "{25D486B1-C26F-4D94-9A23-560D01DAA173}"
EndProject
Project("{9A19103F-16F7-4668-BE54-9A1E7A4F7556}") = "Lesson04_13", "Lesson04_13\Lesson04_13.csproj", "{BAEFE5C4-8528-41E2-9C29-93BA873255BB}"
EndProject
Project("{9A19103F-16F7-4668-BE54-9A1E7A4F7556}") = "Lesson04_14", "Lesson04_14\Lesson04_14.csproj", "{E58258F0-63CC-4871-95DC-3FEB58C0B140}"
EndProject
Project("{9A19103F-16F7-4668-BE54-9A1E7A4F7556}") = "Lesson04_15", "Lesson04_15\Lesson04_15.csproj", "{E554D25B-C882-4AA4-97B5-7D2D35251084}"
EndProject
Project("{9A19103F-16F7-4668-BE54-9A1E7A4F7556}") = "Lesson04_16", "Lesson04_16\Lesson04_16.csproj", "{A9ED60BB-7463-4FF4-BC2A-E11FC2F79EB2}"
EndProject
Project("{9A19103F-16F7-4668-BE54-9A1E7A4F7556}") = "Lesson04_17", "Lesson04_17\Lesson04_17.csproj", "{EF8AEB9C-9BB6-431B-B87A-D1C067ACF7B8}"
EndProject
Project("{9A19103F-16F7-4668-BE54-9A1E7A4F7556}") = "Lesson04_18", "Lesson04_18\Lesson04_18.csproj", "{C0E3D181-3F25-4C12-AB4F-3F5E0436D0AD}"
EndProject
Project("{9A19103F-16F7-4668-BE54-9A1E7A4F7556}") = "Lesson04_19", "Lesson04_19\Lesson04_19.csproj", "{CE2203C8-A8DF-40CE-91A2-45B0115E756B}"
EndProject
Project("{9A19103F-16F7-4668-BE54-9A1E7A4F7556}") = "Lesson04_20", "Lesson04_20\Lesson04_20.csproj", "{3F92CFCB-A48B-483C-9C88-AAE281E51A18}"
EndProject
Project("{9A19103F-16F7-4668-BE54-9A1E7A4F7556}") = "Lesson04_21", "Lesson04_21\Lesson04_21.csproj", "{4AC52C08-DA15-45CA-B613-01E328D66992}"
EndProject
Project("{9A19103F-16F7-4668-BE54-9A1E7A4F7556}") = "Lesson04_22", "Lesson04_22\Lesson04_22.csproj", "{ED8A5E18-6916-4C50-83A2-8CB57B6561D9}"
EndProject
Project("{9A19103F-16F7-4668-BE54-9A1E7A4F7556}") = "Lesson04_23", "Lesson04_23\Lesson04_23.csproj", "{2631C784-C4D9-4348-8EFC-2DC9FF03CCB2}"
EndProject
Project("{9A19103F-16F7-4668-BE54-9A1E7A4F7556}") = "Lesson04_24", "Lesson04_24\Lesson04_24.csproj", "{F79E5A0C-8428-48A6-8BF7-E6AD3E64298F}"
EndProject
Project("{9A19103F-16F7-4668-BE54-9A1E7A4F7556}") = "Lesson04_25", "Lesson04_25\Lesson04_25.csproj", "{2B7D093E-919E-4BFB-ABED-B041F68AED5F}"
EndProject
Project("{9A19103F-16F7-4668-BE54-9A1E7A4F7556}") = "Lesson04_26", "Lesson04_26\Lesson04_26.csproj", "{6B4BEC6B-F222-4D10-99AD-F1F353E7A28D}"
EndProject
Project("{FAE04EC0-301F-11D3-BF4B-00C04F79EFBC}") = "Lesson04_27", "Lesson04_27\Lesson04_27.csproj", "{071F0393-F5F3-4E2B-A35A-83A2033429C4}"
EndProject
Global
	GlobalSection(SolutionConfigurationPlatforms) = preSolution
		Debug|Any CPU = Debug|Any CPU
		Release|Any CPU = Release|Any CPU
	EndGlobalSection
	GlobalSection(ProjectConfigurationPlatforms) = postSolution
		{D76D7876-50F1-4C1B-B10F-E3E7810F511F}.Debug|Any CPU.ActiveCfg = Debug|Any CPU
		{D76D7876-50F1-4C1B-B10F-E3E7810F511F}.Debug|Any CPU.Build.0 = Debug|Any CPU
		{D76D7876-50F1-4C1B-B10F-E3E7810F511F}.Release|Any CPU.ActiveCfg = Release|Any CPU
		{D76D7876-50F1-4C1B-B10F-E3E7810F511F}.Release|Any CPU.Build.0 = Release|Any CPU
		{0037692E-9DD9-463E-900F-EB671A0BA11E}.Debug|Any CPU.ActiveCfg = Debug|Any CPU
		{0037692E-9DD9-463E-900F-EB671A0BA11E}.Debug|Any CPU.Build.0 = Debug|Any CPU
		{0037692E-9DD9-463E-900F-EB671A0BA11E}.Release|Any CPU.ActiveCfg = Release|Any CPU
		{0037692E-9DD9-463E-900F-EB671A0BA11E}.Release|Any CPU.Build.0 = Release|Any CPU
		{78874608-9F9F-40A3-8D91-5A1AE4E28F83}.Debug|Any CPU.ActiveCfg = Debug|Any CPU
		{78874608-9F9F-40A3-8D91-5A1AE4E28F83}.Debug|Any CPU.Build.0 = Debug|Any CPU
		{78874608-9F9F-40A3-8D91-5A1AE4E28F83}.Release|Any CPU.ActiveCfg = Release|Any CPU
		{78874608-9F9F-40A3-8D91-5A1AE4E28F83}.Release|Any CPU.Build.0 = Release|Any CPU
		{35FCBD38-CA16-4915-B385-56D75A05FFC8}.Debug|Any CPU.ActiveCfg = Debug|Any CPU
		{35FCBD38-CA16-4915-B385-56D75A05FFC8}.Debug|Any CPU.Build.0 = Debug|Any CPU
		{35FCBD38-CA16-4915-B385-56D75A05FFC8}.Release|Any CPU.ActiveCfg = Release|Any CPU
		{35FCBD38-CA16-4915-B385-56D75A05FFC8}.Release|Any CPU.Build.0 = Release|Any CPU
		{63D5E994-13FE-43D6-A3E4-9C7706E8B96F}.Debug|Any CPU.ActiveCfg = Debug|Any CPU
		{63D5E994-13FE-43D6-A3E4-9C7706E8B96F}.Debug|Any CPU.Build.0 = Debug|Any CPU
		{63D5E994-13FE-43D6-A3E4-9C7706E8B96F}.Release|Any CPU.ActiveCfg = Release|Any CPU
		{63D5E994-13FE-43D6-A3E4-9C7706E8B96F}.Release|Any CPU.Build.0 = Release|Any CPU
		{10F6BA73-D7B7-40D0-A34C-6AB6B4F96AD1}.Debug|Any CPU.ActiveCfg = Debug|Any CPU
		{10F6BA73-D7B7-40D0-A34C-6AB6B4F96AD1}.Debug|Any CPU.Build.0 = Debug|Any CPU
		{10F6BA73-D7B7-40D0-A34C-6AB6B4F96AD1}.Release|Any CPU.ActiveCfg = Release|Any CPU
		{10F6BA73-D7B7-40D0-A34C-6AB6B4F96AD1}.Release|Any CPU.Build.0 = Release|Any CPU
		{0F8B298F-C407-4F71-BE42-EA9E15BD4F57}.Debug|Any CPU.ActiveCfg = Debug|Any CPU
		{0F8B298F-C407-4F71-BE42-EA9E15BD4F57}.Debug|Any CPU.Build.0 = Debug|Any CPU
		{0F8B298F-C407-4F71-BE42-EA9E15BD4F57}.Release|Any CPU.ActiveCfg = Release|Any CPU
		{0F8B298F-C407-4F71-BE42-EA9E15BD4F57}.Release|Any CPU.Build.0 = Release|Any CPU
		{E008A49F-60F0-483D-B5DE-7B4CFA0DF525}.Debug|Any CPU.ActiveCfg = Debug|Any CPU
		{E008A49F-60F0-483D-B5DE-7B4CFA0DF525}.Debug|Any CPU.Build.0 = Debug|Any CPU
		{E008A49F-60F0-483D-B5DE-7B4CFA0DF525}.Release|Any CPU.ActiveCfg = Release|Any CPU
		{E008A49F-60F0-483D-B5DE-7B4CFA0DF525}.Release|Any CPU.Build.0 = Release|Any CPU
		{8FE1B50C-DE78-4237-BB50-C71353F0AFD8}.Debug|Any CPU.ActiveCfg = Debug|Any CPU
		{8FE1B50C-DE78-4237-BB50-C71353F0AFD8}.Debug|Any CPU.Build.0 = Debug|Any CPU
		{8FE1B50C-DE78-4237-BB50-C71353F0AFD8}.Release|Any CPU.ActiveCfg = Release|Any CPU
		{8FE1B50C-DE78-4237-BB50-C71353F0AFD8}.Release|Any CPU.Build.0 = Release|Any CPU
		{AA0D80EF-5AB1-4F07-BA68-A9463C0AD299}.Debug|Any CPU.ActiveCfg = Debug|Any CPU
		{AA0D80EF-5AB1-4F07-BA68-A9463C0AD299}.Debug|Any CPU.Build.0 = Debug|Any CPU
		{AA0D80EF-5AB1-4F07-BA68-A9463C0AD299}.Release|Any CPU.ActiveCfg = Release|Any CPU
		{AA0D80EF-5AB1-4F07-BA68-A9463C0AD299}.Release|Any CPU.Build.0 = Release|Any CPU
		{35EC16F7-CAE7-49B4-A449-EA1EF645C2FC}.Debug|Any CPU.ActiveCfg = Debug|Any CPU
		{35EC16F7-CAE7-49B4-A449-EA1EF645C2FC}.Debug|Any CPU.Build.0 = Debug|Any CPU
		{35EC16F7-CAE7-49B4-A449-EA1EF645C2FC}.Release|Any CPU.ActiveCfg = Release|Any CPU
		{35EC16F7-CAE7-49B4-A449-EA1EF645C2FC}.Release|Any CPU.Build.0 = Release|Any CPU
		{25D486B1-C26F-4D94-9A23-560D01DAA173}.Debug|Any CPU.ActiveCfg = Debug|Any CPU
		{25D486B1-C26F-4D94-9A23-560D01DAA173}.Debug|Any CPU.Build.0 = Debug|Any CPU
		{25D486B1-C26F-4D94-9A23-560D01DAA173}.Release|Any CPU.ActiveCfg = Release|Any CPU
		{25D486B1-C26F-4D94-9A23-560D01DAA173}.Release|Any CPU.Build.0 = Release|Any CPU
		{BAEFE5C4-8528-41E2-9C29-93BA873255BB}.Debug|Any CPU.ActiveCfg = Debug|Any CPU
		{BAEFE5C4-8528-41E2-9C29-93BA873255BB}.Debug|Any CPU.Build.0 = Debug|Any CPU
		{BAEFE5C4-8528-41E2-9C29-93BA873255BB}.Release|Any CPU.ActiveCfg = Release|Any CPU
		{BAEFE5C4-8528-41E2-9C29-93BA873255BB}.Release|Any CPU.Build.0 = Release|Any CPU
		{E58258F0-63CC-4871-95DC-3FEB58C0B140}.Debug|Any CPU.ActiveCfg = Debug|Any CPU
		{E58258F0-63CC-4871-95DC-3FEB58C0B140}.Debug|Any CPU.Build.0 = Debug|Any CPU
		{E58258F0-63CC-4871-95DC-3FEB58C0B140}.Release|Any CPU.ActiveCfg = Release|Any CPU
		{E58258F0-63CC-4871-95DC-3FEB58C0B140}.Release|Any CPU.Build.0 = Release|Any CPU
		{E554D25B-C882-4AA4-97B5-7D2D35251084}.Debug|Any CPU.ActiveCfg = Debug|Any CPU
		{E554D25B-C882-4AA4-97B5-7D2D35251084}.Debug|Any CPU.Build.0 = Debug|Any CPU
		{E554D25B-C882-4AA4-97B5-7D2D35251084}.Release|Any CPU.ActiveCfg = Release|Any CPU
		{E554D25B-C882-4AA4-97B5-7D2D35251084}.Release|Any CPU.Build.0 = Release|Any CPU
		{A9ED60BB-7463-4FF4-BC2A-E11FC2F79EB2}.Debug|Any CPU.ActiveCfg = Debug|Any CPU
		{A9ED60BB-7463-4FF4-BC2A-E11FC2F79EB2}.Debug|Any CPU.Build.0 = Debug|Any CPU
		{A9ED60BB-7463-4FF4-BC2A-E11FC2F79EB2}.Release|Any CPU.ActiveCfg = Release|Any CPU
		{A9ED60BB-7463-4FF4-BC2A-E11FC2F79EB2}.Release|Any CPU.Build.0 = Release|Any CPU
		{EF8AEB9C-9BB6-431B-B87A-D1C067ACF7B8}.Debug|Any CPU.ActiveCfg = Debug|Any CPU
		{EF8AEB9C-9BB6-431B-B87A-D1C067ACF7B8}.Debug|Any CPU.Build.0 = Debug|Any CPU
		{EF8AEB9C-9BB6-431B-B87A-D1C067ACF7B8}.Release|Any CPU.ActiveCfg = Release|Any CPU
		{EF8AEB9C-9BB6-431B-B87A-D1C067ACF7B8}.Release|Any CPU.Build.0 = Release|Any CPU
		{C0E3D181-3F25-4C12-AB4F-3F5E0436D0AD}.Debug|Any CPU.ActiveCfg = Debug|Any CPU
		{C0E3D181-3F25-4C12-AB4F-3F5E0436D0AD}.Debug|Any CPU.Build.0 = Debug|Any CPU
		{C0E3D181-3F25-4C12-AB4F-3F5E0436D0AD}.Release|Any CPU.ActiveCfg = Release|Any CPU
		{C0E3D181-3F25-4C12-AB4F-3F5E0436D0AD}.Release|Any CPU.Build.0 = Release|Any CPU
		{CE2203C8-A8DF-40CE-91A2-45B0115E756B}.Debug|Any CPU.ActiveCfg = Debug|Any CPU
		{CE2203C8-A8DF-40CE-91A2-45B0115E756B}.Debug|Any CPU.Build.0 = Debug|Any CPU
		{CE2203C8-A8DF-40CE-91A2-45B0115E756B}.Release|Any CPU.ActiveCfg = Release|Any CPU
		{CE2203C8-A8DF-40CE-91A2-45B0115E756B}.Release|Any CPU.Build.0 = Release|Any CPU
		{3F92CFCB-A48B-483C-9C88-AAE281E51A18}.Debug|Any CPU.ActiveCfg = Debug|Any CPU
		{3F92CFCB-A48B-483C-9C88-AAE281E51A18}.Debug|Any CPU.Build.0 = Debug|Any CPU
		{3F92CFCB-A48B-483C-9C88-AAE281E51A18}.Release|Any CPU.ActiveCfg = Release|Any CPU
		{3F92CFCB-A48B-483C-9C88-AAE281E51A18}.Release|Any CPU.Build.0 = Release|Any CPU
		{4AC52C08-DA15-45CA-B613-01E328D66992}.Debug|Any CPU.ActiveCfg = Debug|Any CPU
		{4AC52C08-DA15-45CA-B613-01E328D66992}.Debug|Any CPU.Build.0 = Debug|Any CPU
		{4AC52C08-DA15-45CA-B613-01E328D66992}.Release|Any CPU.ActiveCfg = Release|Any CPU
		{4AC52C08-DA15-45CA-B613-01E328D66992}.Release|Any CPU.Build.0 = Release|Any CPU
		{ED8A5E18-6916-4C50-83A2-8CB57B6561D9}.Debug|Any CPU.ActiveCfg = Debug|Any CPU
		{ED8A5E18-6916-4C50-83A2-8CB57B6561D9}.Debug|Any CPU.Build.0 = Debug|Any CPU
		{ED8A5E18-6916-4C50-83A2-8CB57B6561D9}.Release|Any CPU.ActiveCfg = Release|Any CPU
		{ED8A5E18-6916-4C50-83A2-8CB57B6561D9}.Release|Any CPU.Build.0 = Release|Any CPU
		{2631C784-C4D9-4348-8EFC-2DC9FF03CCB2}.Debug|Any CPU.ActiveCfg = Debug|Any CPU
		{2631C784-C4D9-4348-8EFC-2DC9FF03CCB2}.Debug|Any CPU.Build.0 = Debug|Any CPU
		{2631C784-C4D9-4348-8EFC-2DC9FF03CCB2}.Release|Any CPU.ActiveCfg = Release|Any CPU
		{2631C784-C4D9-4348-8EFC-2DC9FF03CCB2}.Release|Any CPU.Build.0 = Release|Any CPU
		{F79E5A0C-8428-48A6-8BF7-E6AD3E64298F}.Debug|Any CPU.ActiveCfg = Debug|Any CPU
		{F79E5A0C-8428-48A6-8BF7-E6AD3E64298F}.Debug|Any CPU.Build.0 = Debug|Any CPU
		{F79E5A0C-8428-48A6-8BF7-E6AD3E64298F}.Release|Any CPU.ActiveCfg = Release|Any CPU
		{F79E5A0C-8428-48A6-8BF7-E6AD3E64298F}.Release|Any CPU.Build.0 = Release|Any CPU
		{2B7D093E-919E-4BFB-ABED-B041F68AED5F}.Debug|Any CPU.ActiveCfg = Debug|Any CPU
		{2B7D093E-919E-4BFB-ABED-B041F68AED5F}.Debug|Any CPU.Build.0 = Debug|Any CPU
		{2B7D093E-919E-4BFB-ABED-B041F68AED5F}.Release|Any CPU.ActiveCfg = Release|Any CPU
		{2B7D093E-919E-4BFB-ABED-B041F68AED5F}.Release|Any CPU.Build.0 = Release|Any CPU
		{6B4BEC6B-F222-4D10-99AD-F1F353E7A28D}.Debug|Any CPU.ActiveCfg = Debug|Any CPU
		{6B4BEC6B-F222-4D10-99AD-F1F353E7A28D}.Debug|Any CPU.Build.0 = Debug|Any CPU
		{6B4BEC6B-F222-4D10-99AD-F1F353E7A28D}.Release|Any CPU.ActiveCfg = Release|Any CPU
		{6B4BEC6B-F222-4D10-99AD-F1F353E7A28D}.Release|Any CPU.Build.0 = Release|Any CPU
		{071F0393-F5F3-4E2B-A35A-83A2033429C4}.Debug|Any CPU.ActiveCfg = Debug|Any CPU
		{071F0393-F5F3-4E2B-A35A-83A2033429C4}.Debug|Any CPU.Build.0 = Debug|Any CPU
		{071F0393-F5F3-4E2B-A35A-83A2033429C4}.Release|Any CPU.ActiveCfg = Release|Any CPU
		{071F0393-F5F3-4E2B-A35A-83A2033429C4}.Release|Any CPU.Build.0 = Release|Any CPU
	EndGlobalSection
	GlobalSection(SolutionProperties) = preSolution
		HideSolutionNode = FALSE
	EndGlobalSection
	GlobalSection(ExtensibilityGlobals) = postSolution
		SolutionGuid = {88E44799-1EC0-4AD9-A55A-93E1852D8734}
	EndGlobalSection
EndGlobal
